
Microsoft Visual Studio Solution File, Format Version 12.00
# Visual Studio Version 17
VisualStudioVersion = 17.2.32526.322
MinimumVisualStudioVersion = 10.0.40219.1
Project("{FAE04EC0-301F-11D3-BF4B-00C04F79EFBC}") = "mod14", "mod14\mod14.csproj", "{888836BB-F2A8-420F-885C-7C1BD19903D5}"
EndProject
Global
	GlobalSection(SolutionConfigurationPlatforms) = preSolution
		Debug|Any CPU = Debug|Any CPU
		Release|Any CPU = Release|Any CPU
	EndGlobalSection
	GlobalSection(ProjectConfigurationPlatforms) = postSolution
		{888836BB-F2A8-420F-885C-7C1BD19903D5}.Debug|Any CPU.ActiveCfg = Debug|Any CPU
		{888836BB-F2A8-420F-885C-7C1BD19903D5}.Debug|Any CPU.Build.0 = Debug|Any CPU
		{888836BB-F2A8-420F-885C-7C1BD19903D5}.Release|Any CPU.ActiveCfg = Release|Any CPU
		{888836BB-F2A8-420F-885C-7C1BD19903D5}.Release|Any CPU.Build.0 = Release|Any CPU
	EndGlobalSection
	GlobalSection(SolutionProperties) = preSolution
		HideSolutionNode = FALSE
	EndGlobalSection
	GlobalSection(ExtensibilityGlobals) = postSolution
		SolutionGuid = {B1D8A036-9281-4AE5-8328-BD1CF9C4057B}
	EndGlobalSection
EndGlobal
